
Microsoft Visual Studio Solution File, Format Version 12.00
# Visual Studio Version 16
VisualStudioVersion = 16.0.31112.23
MinimumVisualStudioVersion = 10.0.40219.1
Project("{8BC9CEB8-8B4A-11D0-8D11-00A0C91BC942}") = "TealEngine", "TealEngine.vcxproj", "{5132A159-0137-4E89-A1D5-F38179D2B884}"
EndProject
Global
	GlobalSection(SolutionConfigurationPlatforms) = preSolution
		Debug|x64 = Debug|x64
		Debug|x86 = Debug|x86
		Release|x64 = Release|x64
		Release|x86 = Release|x86
	EndGlobalSection
	GlobalSection(ProjectConfigurationPlatforms) = postSolution
		{5132A159-0137-4E89-A1D5-F38179D2B884}.Debug|x64.ActiveCfg = Debug|x64
		{5132A159-0137-4E89-A1D5-F38179D2B884}.Debug|x64.Build.0 = Debug|x64
		{5132A159-0137-4E89-A1D5-F38179D2B884}.Debug|x86.ActiveCfg = Debug|Win32
		{5132A159-0137-4E89-A1D5-F38179D2B884}.Debug|x86.Build.0 = Debug|Win32
		{5132A159-0137-4E89-A1D5-F38179D2B884}.Release|x64.ActiveCfg = Release|x64
		{5132A159-0137-4E89-A1D5-F38179D2B884}.Release|x64.Build.0 = Release|x64
		{5132A159-0137-4E89-A1D5-F38179D2B884}.Release|x86.ActiveCfg = Release|Win32
		{5132A159-0137-4E89-A1D5-F38179D2B884}.Release|x86.Build.0 = Release|Win32
	EndGlobalSection
	GlobalSection(SolutionProperties) = preSolution
		HideSolutionNode = FALSE
	EndGlobalSection
	GlobalSection(ExtensibilityGlobals) = postSolution
		SolutionGuid = {82B42452-16EC-458E-A4D9-D72B7C8531BA}
	EndGlobalSection
EndGlobal
